
Microsoft Visual Studio Solution File, Format Version 12.00
# Visual Studio Version 16
VisualStudioVersion = 16.0.30907.101
MinimumVisualStudioVersion = 10.0.40219.1
Project("{9A19103F-16F7-4668-BE54-9A1E7A4F7556}") = "C9SG", "C9SG\C9SG.csproj", "{3CEBBA04-9B7E-48CB-BCAE-5C3FF4797463}"
EndProject
Project("{9A19103F-16F7-4668-BE54-9A1E7A4F7556}") = "Generators", "Generators\Generators.csproj", "{62C3CE4E-63FA-4548-A3E0-A2D8F07E3C9E}"
EndProject
Project("{9A19103F-16F7-4668-BE54-9A1E7A4F7556}") = "Generators.UnitTests", "GeneratorsUnitTests\Generators.UnitTests.csproj", "{6EFC19BE-4D64-4826-B9FC-822A4E89F9A9}"
EndProject
Project("{2150E333-8FDC-42A3-9474-1A3956D46DE8}") = "Solution Items", "Solution Items", "{520B6220-5AA9-4F97-9D6F-676D171725FB}"
	ProjectSection(SolutionItems) = preProject
		.editorconfig = .editorconfig
	EndProjectSection
EndProject
Project("{FAE04EC0-301F-11D3-BF4B-00C04F79EFBC}") = "WpfExample", "WpfExample\WpfExample.csproj", "{54B3BC70-7728-4456-9D1B-1C2AE2060915}"
EndProject
Global
	GlobalSection(SolutionConfigurationPlatforms) = preSolution
		Debug|Any CPU = Debug|Any CPU
		Release|Any CPU = Release|Any CPU
	EndGlobalSection
	GlobalSection(ProjectConfigurationPlatforms) = postSolution
		{3CEBBA04-9B7E-48CB-BCAE-5C3FF4797463}.Debug|Any CPU.ActiveCfg = Debug|Any CPU
		{3CEBBA04-9B7E-48CB-BCAE-5C3FF4797463}.Debug|Any CPU.Build.0 = Debug|Any CPU
		{3CEBBA04-9B7E-48CB-BCAE-5C3FF4797463}.Release|Any CPU.ActiveCfg = Release|Any CPU
		{3CEBBA04-9B7E-48CB-BCAE-5C3FF4797463}.Release|Any CPU.Build.0 = Release|Any CPU
		{62C3CE4E-63FA-4548-A3E0-A2D8F07E3C9E}.Debug|Any CPU.ActiveCfg = Debug|Any CPU
		{62C3CE4E-63FA-4548-A3E0-A2D8F07E3C9E}.Debug|Any CPU.Build.0 = Debug|Any CPU
		{62C3CE4E-63FA-4548-A3E0-A2D8F07E3C9E}.Release|Any CPU.ActiveCfg = Release|Any CPU
		{62C3CE4E-63FA-4548-A3E0-A2D8F07E3C9E}.Release|Any CPU.Build.0 = Release|Any CPU
		{6EFC19BE-4D64-4826-B9FC-822A4E89F9A9}.Debug|Any CPU.ActiveCfg = Debug|Any CPU
		{6EFC19BE-4D64-4826-B9FC-822A4E89F9A9}.Debug|Any CPU.Build.0 = Debug|Any CPU
		{6EFC19BE-4D64-4826-B9FC-822A4E89F9A9}.Release|Any CPU.ActiveCfg = Release|Any CPU
		{6EFC19BE-4D64-4826-B9FC-822A4E89F9A9}.Release|Any CPU.Build.0 = Release|Any CPU
		{54B3BC70-7728-4456-9D1B-1C2AE2060915}.Debug|Any CPU.ActiveCfg = Debug|Any CPU
		{54B3BC70-7728-4456-9D1B-1C2AE2060915}.Debug|Any CPU.Build.0 = Debug|Any CPU
		{54B3BC70-7728-4456-9D1B-1C2AE2060915}.Release|Any CPU.ActiveCfg = Release|Any CPU
		{54B3BC70-7728-4456-9D1B-1C2AE2060915}.Release|Any CPU.Build.0 = Release|Any CPU
	EndGlobalSection
	GlobalSection(SolutionProperties) = preSolution
		HideSolutionNode = FALSE
	EndGlobalSection
	GlobalSection(ExtensibilityGlobals) = postSolution
		SolutionGuid = {F08B7D62-0C0F-485B-8221-C6E50CF4CAAF}
	EndGlobalSection
EndGlobal
